// !$*UTF8*$!
{
	archiveVersion = 1;
	classes = {
	};
	objectVersion = 55;
	objects = {

/* Begin PBXBuildFile section */
		D8029A5728EAE2FE0043BAAE /* RecipeViewModelTests.swift in Sources */ = {isa = PBXBuildFile; fileRef = D8029A5628EAE2FE0043BAAE /* RecipeViewModelTests.swift */; };
		D8029A5A28EB10E80043BAAE /* DetailsViewController.swift in Sources */ = {isa = PBXBuildFile; fileRef = D8029A5928EB10E80043BAAE /* DetailsViewController.swift */; };
		D8029A5C28EB11300043BAAE /* DetailsViewModel.swift in Sources */ = {isa = PBXBuildFile; fileRef = D8029A5B28EB11300043BAAE /* DetailsViewModel.swift */; };
		D804225428D87337006BD835 /* UIViewManager.swift in Sources */ = {isa = PBXBuildFile; fileRef = D804225328D87337006BD835 /* UIViewManager.swift */; };
		D818DAAD2898318F0041DD88 /* RecipeViewController.swift in Sources */ = {isa = PBXBuildFile; fileRef = D818DAAC2898318F0041DD88 /* RecipeViewController.swift */; };
		D83FD9E728E1F5510041D5EA /* RecipeViewModel.swift in Sources */ = {isa = PBXBuildFile; fileRef = D83FD9E628E1F5510041D5EA /* RecipeViewModel.swift */; };
		D847B57E29127A1100E96C38 /* RecipeEntity.swift in Sources */ = {isa = PBXBuildFile; fileRef = D847B57D29127A1000E96C38 /* RecipeEntity.swift */; };
		D847B5842913FE2000E96C38 /* EmptyRecipeResponse.json in Resources */ = {isa = PBXBuildFile; fileRef = D847B5832913FE2000E96C38 /* EmptyRecipeResponse.json */; };
		D85EB4B028D8679100EFD4A6 /* AlerteContent.swift in Sources */ = {isa = PBXBuildFile; fileRef = D85EB4AF28D8679100EFD4A6 /* AlerteContent.swift */; };
		D89CA4C528EB3D2400032860 /* Recipe.swift in Sources */ = {isa = PBXBuildFile; fileRef = D89CA4C428EB3D2400032860 /* Recipe.swift */; };
		D8AB7E9828FDB15200D2291E /* RecipeResponse.json in Resources */ = {isa = PBXBuildFile; fileRef = D8AB7E9728FDB15200D2291E /* RecipeResponse.json */; };
		D8AB7E9A28FDB18400D2291E /* MockData.swift in Sources */ = {isa = PBXBuildFile; fileRef = D8AB7E9928FDB18400D2291E /* MockData.swift */; };
		D8AB7E9C28FDB54A00D2291E /* DetailsRepository.swift in Sources */ = {isa = PBXBuildFile; fileRef = D8AB7E9B28FDB54A00D2291E /* DetailsRepository.swift */; };
		D8B2E22628C10C38002BBD97 /* RequestCancellationToken.swift in Sources */ = {isa = PBXBuildFile; fileRef = D8B2E22528C10C38002BBD97 /* RequestCancellationToken.swift */; };
		D8B2E22828C10C9C002BBD97 /* HTTPClient.swift in Sources */ = {isa = PBXBuildFile; fileRef = D8B2E22728C10C9C002BBD97 /* HTTPClient.swift */; };
		D8B2E22A28C10E24002BBD97 /* JSONParser.swift in Sources */ = {isa = PBXBuildFile; fileRef = D8B2E22928C10E24002BBD97 /* JSONParser.swift */; };
		D8B2E22F28C10FE6002BBD97 /* Context.swift in Sources */ = {isa = PBXBuildFile; fileRef = D8B2E22E28C10FE6002BBD97 /* Context.swift */; };
		D8B2E23128C22A88002BBD97 /* Endpoint.swift in Sources */ = {isa = PBXBuildFile; fileRef = D8B2E23028C22A88002BBD97 /* Endpoint.swift */; };
		D8B2E23328C22B2D002BBD97 /* RequestBuilder.swift in Sources */ = {isa = PBXBuildFile; fileRef = D8B2E23228C22B2D002BBD97 /* RequestBuilder.swift */; };
		D8B2E23528C6296C002BBD97 /* RecipeEndpoint.swift in Sources */ = {isa = PBXBuildFile; fileRef = D8B2E23428C6296C002BBD97 /* RecipeEndpoint.swift */; };
		D8B2E23728C64F2B002BBD97 /* RecipeResponse.swift in Sources */ = {isa = PBXBuildFile; fileRef = D8B2E23628C64F2B002BBD97 /* RecipeResponse.swift */; };
		D8B40F2528E47F7D00A023C8 /* RecipeViewDataSource.swift in Sources */ = {isa = PBXBuildFile; fileRef = D8B40F2428E47F7D00A023C8 /* RecipeViewDataSource.swift */; };
		D8B40F2828E5C5B700A023C8 /* ItemTableViewCell.swift in Sources */ = {isa = PBXBuildFile; fileRef = D8B40F2728E5C5B700A023C8 /* ItemTableViewCell.swift */; };
		D8B5534928A16CC200AC1193 /* SearchViewModelTests.swift in Sources */ = {isa = PBXBuildFile; fileRef = D8B5534828A16CC200AC1193 /* SearchViewModelTests.swift */; };
		D8BB4FC828854CE7003C5D60 /* AppDelegate.swift in Sources */ = {isa = PBXBuildFile; fileRef = D8BB4FC728854CE7003C5D60 /* AppDelegate.swift */; };
		D8BB4FCF28854CE7003C5D60 /* Main.storyboard in Resources */ = {isa = PBXBuildFile; fileRef = D8BB4FCD28854CE7003C5D60 /* Main.storyboard */; };
		D8BB4FD228854CE7003C5D60 /* Reciplease.xcdatamodeld in Sources */ = {isa = PBXBuildFile; fileRef = D8BB4FD028854CE7003C5D60 /* Reciplease.xcdatamodeld */; };
		D8BB4FD428854CEF003C5D60 /* Assets.xcassets in Resources */ = {isa = PBXBuildFile; fileRef = D8BB4FD328854CEF003C5D60 /* Assets.xcassets */; };
		D8BB4FD728854CEF003C5D60 /* LaunchScreen.storyboard in Resources */ = {isa = PBXBuildFile; fileRef = D8BB4FD528854CEF003C5D60 /* LaunchScreen.storyboard */; };
		D8C197D528F475C4001B0F42 /* AlamofireImage in Frameworks */ = {isa = PBXBuildFile; productRef = D8C197D428F475C4001B0F42 /* AlamofireImage */; };
		D8C197D828F47862001B0F42 /* LinearGradientLayer.swift in Sources */ = {isa = PBXBuildFile; fileRef = D8C197D728F47862001B0F42 /* LinearGradientLayer.swift */; };
		D8C197DA28F47875001B0F42 /* GradientView.swift in Sources */ = {isa = PBXBuildFile; fileRef = D8C197D928F47874001B0F42 /* GradientView.swift */; };
		D8E9FDC729112DAC00D48524 /* CoreDataStack.swift in Sources */ = {isa = PBXBuildFile; fileRef = D8E9FDC629112DAC00D48524 /* CoreDataStack.swift */; };
		D8F5372A2897C42600CFFBC1 /* AppCoordinator.swift in Sources */ = {isa = PBXBuildFile; fileRef = D8F537292897C42600CFFBC1 /* AppCoordinator.swift */; };
		D8F5372C2897C96200CFFBC1 /* Screens.swift in Sources */ = {isa = PBXBuildFile; fileRef = D8F5372B2897C96200CFFBC1 /* Screens.swift */; };
		D8F5372E2897E76B00CFFBC1 /* HomeCoordinator.swift in Sources */ = {isa = PBXBuildFile; fileRef = D8F5372D2897E76B00CFFBC1 /* HomeCoordinator.swift */; };
		D8F537312897F19100CFFBC1 /* SearchViewController.swift in Sources */ = {isa = PBXBuildFile; fileRef = D8F537302897F19100CFFBC1 /* SearchViewController.swift */; };
		D8F537332897F1A100CFFBC1 /* SearchViewModel.swift in Sources */ = {isa = PBXBuildFile; fileRef = D8F537322897F1A100CFFBC1 /* SearchViewModel.swift */; };
		D8F537352897F1BA00CFFBC1 /* SearchRepository.swift in Sources */ = {isa = PBXBuildFile; fileRef = D8F537342897F1BA00CFFBC1 /* SearchRepository.swift */; };
		D8F537392897F37800CFFBC1 /* SearchCoordinator.swift in Sources */ = {isa = PBXBuildFile; fileRef = D8F537382897F37800CFFBC1 /* SearchCoordinator.swift */; };
/* End PBXBuildFile section */

/* Begin PBXContainerItemProxy section */
		D8BB4FDE28854CF0003C5D60 /* PBXContainerItemProxy */ = {
			isa = PBXContainerItemProxy;
			containerPortal = D8BB4FBC28854CE6003C5D60 /* Project object */;
			proxyType = 1;
			remoteGlobalIDString = D8BB4FC328854CE6003C5D60;
			remoteInfo = Reciplease;
		};
/* End PBXContainerItemProxy section */

/* Begin PBXFileReference section */
		D8029A5628EAE2FE0043BAAE /* RecipeViewModelTests.swift */ = {isa = PBXFileReference; lastKnownFileType = sourcecode.swift; path = RecipeViewModelTests.swift; sourceTree = "<group>"; };
		D8029A5928EB10E80043BAAE /* DetailsViewController.swift */ = {isa = PBXFileReference; lastKnownFileType = sourcecode.swift; path = DetailsViewController.swift; sourceTree = "<group>"; };
		D8029A5B28EB11300043BAAE /* DetailsViewModel.swift */ = {isa = PBXFileReference; lastKnownFileType = sourcecode.swift; path = DetailsViewModel.swift; sourceTree = "<group>"; };
		D804225328D87337006BD835 /* UIViewManager.swift */ = {isa = PBXFileReference; lastKnownFileType = sourcecode.swift; path = UIViewManager.swift; sourceTree = "<group>"; };
		D818DAAC2898318F0041DD88 /* RecipeViewController.swift */ = {isa = PBXFileReference; lastKnownFileType = sourcecode.swift; path = RecipeViewController.swift; sourceTree = "<group>"; };
		D83FD9E628E1F5510041D5EA /* RecipeViewModel.swift */ = {isa = PBXFileReference; lastKnownFileType = sourcecode.swift; path = RecipeViewModel.swift; sourceTree = "<group>"; };
		D847B57D29127A1000E96C38 /* RecipeEntity.swift */ = {isa = PBXFileReference; lastKnownFileType = sourcecode.swift; path = RecipeEntity.swift; sourceTree = "<group>"; };
		D847B5832913FE2000E96C38 /* EmptyRecipeResponse.json */ = {isa = PBXFileReference; fileEncoding = 4; lastKnownFileType = text.json; path = EmptyRecipeResponse.json; sourceTree = "<group>"; };
		D85EB4AF28D8679100EFD4A6 /* AlerteContent.swift */ = {isa = PBXFileReference; lastKnownFileType = sourcecode.swift; path = AlerteContent.swift; sourceTree = "<group>"; };
		D89CA4C428EB3D2400032860 /* Recipe.swift */ = {isa = PBXFileReference; lastKnownFileType = sourcecode.swift; path = Recipe.swift; sourceTree = "<group>"; };
		D8AB7E9728FDB15200D2291E /* RecipeResponse.json */ = {isa = PBXFileReference; lastKnownFileType = text.json; path = RecipeResponse.json; sourceTree = "<group>"; };
		D8AB7E9928FDB18400D2291E /* MockData.swift */ = {isa = PBXFileReference; lastKnownFileType = sourcecode.swift; path = MockData.swift; sourceTree = "<group>"; };
		D8AB7E9B28FDB54A00D2291E /* DetailsRepository.swift */ = {isa = PBXFileReference; lastKnownFileType = sourcecode.swift; path = DetailsRepository.swift; sourceTree = "<group>"; };
		D8B2E22528C10C38002BBD97 /* RequestCancellationToken.swift */ = {isa = PBXFileReference; lastKnownFileType = sourcecode.swift; path = RequestCancellationToken.swift; sourceTree = "<group>"; };
		D8B2E22728C10C9C002BBD97 /* HTTPClient.swift */ = {isa = PBXFileReference; lastKnownFileType = sourcecode.swift; path = HTTPClient.swift; sourceTree = "<group>"; };
		D8B2E22928C10E24002BBD97 /* JSONParser.swift */ = {isa = PBXFileReference; lastKnownFileType = sourcecode.swift; path = JSONParser.swift; sourceTree = "<group>"; };
		D8B2E22E28C10FE6002BBD97 /* Context.swift */ = {isa = PBXFileReference; lastKnownFileType = sourcecode.swift; path = Context.swift; sourceTree = "<group>"; };
		D8B2E23028C22A88002BBD97 /* Endpoint.swift */ = {isa = PBXFileReference; lastKnownFileType = sourcecode.swift; path = Endpoint.swift; sourceTree = "<group>"; };
		D8B2E23228C22B2D002BBD97 /* RequestBuilder.swift */ = {isa = PBXFileReference; lastKnownFileType = sourcecode.swift; path = RequestBuilder.swift; sourceTree = "<group>"; };
		D8B2E23428C6296C002BBD97 /* RecipeEndpoint.swift */ = {isa = PBXFileReference; lastKnownFileType = sourcecode.swift; path = RecipeEndpoint.swift; sourceTree = "<group>"; };
		D8B2E23628C64F2B002BBD97 /* RecipeResponse.swift */ = {isa = PBXFileReference; lastKnownFileType = sourcecode.swift; name = RecipeResponse.swift; path = ../../Result/RecipeResponse.swift; sourceTree = "<group>"; };
		D8B40F2428E47F7D00A023C8 /* RecipeViewDataSource.swift */ = {isa = PBXFileReference; lastKnownFileType = sourcecode.swift; path = RecipeViewDataSource.swift; sourceTree = "<group>"; };
		D8B40F2728E5C5B700A023C8 /* ItemTableViewCell.swift */ = {isa = PBXFileReference; lastKnownFileType = sourcecode.swift; path = ItemTableViewCell.swift; sourceTree = "<group>"; };
		D8B5534828A16CC200AC1193 /* SearchViewModelTests.swift */ = {isa = PBXFileReference; lastKnownFileType = sourcecode.swift; path = SearchViewModelTests.swift; sourceTree = "<group>"; };
		D8BB4FC428854CE7003C5D60 /* Reciplease.app */ = {isa = PBXFileReference; explicitFileType = wrapper.application; includeInIndex = 0; path = Reciplease.app; sourceTree = BUILT_PRODUCTS_DIR; };
		D8BB4FC728854CE7003C5D60 /* AppDelegate.swift */ = {isa = PBXFileReference; lastKnownFileType = sourcecode.swift; path = AppDelegate.swift; sourceTree = "<group>"; };
		D8BB4FCE28854CE7003C5D60 /* Base */ = {isa = PBXFileReference; lastKnownFileType = file.storyboard; name = Base; path = Base.lproj/Main.storyboard; sourceTree = "<group>"; };
		D8BB4FD128854CE7003C5D60 /* Reciplease.xcdatamodel */ = {isa = PBXFileReference; lastKnownFileType = wrapper.xcdatamodel; path = Reciplease.xcdatamodel; sourceTree = "<group>"; };
		D8BB4FD328854CEF003C5D60 /* Assets.xcassets */ = {isa = PBXFileReference; lastKnownFileType = folder.assetcatalog; path = Assets.xcassets; sourceTree = "<group>"; };
		D8BB4FD628854CEF003C5D60 /* Base */ = {isa = PBXFileReference; lastKnownFileType = file.storyboard; name = Base; path = Base.lproj/LaunchScreen.storyboard; sourceTree = "<group>"; };
		D8BB4FD828854CEF003C5D60 /* Info.plist */ = {isa = PBXFileReference; lastKnownFileType = text.plist.xml; path = Info.plist; sourceTree = "<group>"; };
		D8BB4FDD28854CF0003C5D60 /* RecipleaseTests.xctest */ = {isa = PBXFileReference; explicitFileType = wrapper.cfbundle; includeInIndex = 0; path = RecipleaseTests.xctest; sourceTree = BUILT_PRODUCTS_DIR; };
		D8C197D728F47862001B0F42 /* LinearGradientLayer.swift */ = {isa = PBXFileReference; lastKnownFileType = sourcecode.swift; path = LinearGradientLayer.swift; sourceTree = "<group>"; };
		D8C197D928F47874001B0F42 /* GradientView.swift */ = {isa = PBXFileReference; lastKnownFileType = sourcecode.swift; path = GradientView.swift; sourceTree = "<group>"; };
		D8E9FDC629112DAC00D48524 /* CoreDataStack.swift */ = {isa = PBXFileReference; lastKnownFileType = sourcecode.swift; path = CoreDataStack.swift; sourceTree = "<group>"; };
		D8F537292897C42600CFFBC1 /* AppCoordinator.swift */ = {isa = PBXFileReference; lastKnownFileType = sourcecode.swift; path = AppCoordinator.swift; sourceTree = "<group>"; };
		D8F5372B2897C96200CFFBC1 /* Screens.swift */ = {isa = PBXFileReference; lastKnownFileType = sourcecode.swift; path = Screens.swift; sourceTree = "<group>"; };
		D8F5372D2897E76B00CFFBC1 /* HomeCoordinator.swift */ = {isa = PBXFileReference; lastKnownFileType = sourcecode.swift; path = HomeCoordinator.swift; sourceTree = "<group>"; };
		D8F537302897F19100CFFBC1 /* SearchViewController.swift */ = {isa = PBXFileReference; lastKnownFileType = sourcecode.swift; path = SearchViewController.swift; sourceTree = "<group>"; };
		D8F537322897F1A100CFFBC1 /* SearchViewModel.swift */ = {isa = PBXFileReference; lastKnownFileType = sourcecode.swift; path = SearchViewModel.swift; sourceTree = "<group>"; };
		D8F537342897F1BA00CFFBC1 /* SearchRepository.swift */ = {isa = PBXFileReference; lastKnownFileType = sourcecode.swift; path = SearchRepository.swift; sourceTree = "<group>"; };
		D8F537382897F37800CFFBC1 /* SearchCoordinator.swift */ = {isa = PBXFileReference; lastKnownFileType = sourcecode.swift; path = SearchCoordinator.swift; sourceTree = "<group>"; };
/* End PBXFileReference section */

/* Begin PBXFrameworksBuildPhase section */
		D8BB4FC128854CE6003C5D60 /* Frameworks */ = {
			isa = PBXFrameworksBuildPhase;
			buildActionMask = 2147483647;
			files = (
				D8C197D528F475C4001B0F42 /* AlamofireImage in Frameworks */,
			);
			runOnlyForDeploymentPostprocessing = 0;
		};
		D8BB4FDA28854CF0003C5D60 /* Frameworks */ = {
			isa = PBXFrameworksBuildPhase;
			buildActionMask = 2147483647;
			files = (
			);
			runOnlyForDeploymentPostprocessing = 0;
		};
/* End PBXFrameworksBuildPhase section */

/* Begin PBXGroup section */
		D8029A5828EB10780043BAAE /* Details */ = {
			isa = PBXGroup;
			children = (
				D8083F4E2906A3EA003B19E7 /* Cells */,
				D8029A5928EB10E80043BAAE /* DetailsViewController.swift */,
				D8029A5B28EB11300043BAAE /* DetailsViewModel.swift */,
				D8AB7E9B28FDB54A00D2291E /* DetailsRepository.swift */,
			);
			path = Details;
			sourceTree = "<group>";
		};
		D8083F4E2906A3EA003B19E7 /* Cells */ = {
			isa = PBXGroup;
			children = (
			);
			path = Cells;
			sourceTree = "<group>";
		};
		D818DAAA28982E8E0041DD88 /* Search */ = {
			isa = PBXGroup;
			children = (
				D8B2E22B28C10EE8002BBD97 /* Model */,
				D8F537302897F19100CFFBC1 /* SearchViewController.swift */,
				D8F537322897F1A100CFFBC1 /* SearchViewModel.swift */,
				D8F537342897F1BA00CFFBC1 /* SearchRepository.swift */,
			);
			path = Search;
			sourceTree = "<group>";
		};
		D818DAAB28982EA10041DD88 /* Result */ = {
			isa = PBXGroup;
			children = (
				D8B40F2628E5C5A000A023C8 /* Cells */,
				D818DAAC2898318F0041DD88 /* RecipeViewController.swift */,
				D83FD9E628E1F5510041D5EA /* RecipeViewModel.swift */,
				D8B40F2428E47F7D00A023C8 /* RecipeViewDataSource.swift */,
			);
			path = Result;
			sourceTree = "<group>";
		};
		D847B57F29127B7D00E96C38 /* Result */ = {
			isa = PBXGroup;
			children = (
				D8029A5628EAE2FE0043BAAE /* RecipeViewModelTests.swift */,
			);
			path = Result;
			sourceTree = "<group>";
		};
		D847B5822913F99700E96C38 /* App */ = {
			isa = PBXGroup;
			children = (
				D8C197D628F47849001B0F42 /* style */,
				D8F537282897C2C500CFFBC1 /* Navigation */,
				D8F5372F2897F14500CFFBC1 /* Search Flow */,
			);
			path = App;
			sourceTree = "<group>";
		};
		D89CA4C328EB3D1900032860 /* Common */ = {
			isa = PBXGroup;
			children = (
				D89CA4C428EB3D2400032860 /* Recipe.swift */,
			);
			path = Common;
			sourceTree = "<group>";
		};
		D8B2E22428C10B46002BBD97 /* Network */ = {
			isa = PBXGroup;
			children = (
				D8B2E22528C10C38002BBD97 /* RequestCancellationToken.swift */,
				D8B2E23228C22B2D002BBD97 /* RequestBuilder.swift */,
				D8B2E23028C22A88002BBD97 /* Endpoint.swift */,
				D8B2E22728C10C9C002BBD97 /* HTTPClient.swift */,
				D8B2E22928C10E24002BBD97 /* JSONParser.swift */,
			);
			path = Network;
			sourceTree = "<group>";
		};
		D8B2E22B28C10EE8002BBD97 /* Model */ = {
			isa = PBXGroup;
			children = (
				D8B2E23428C6296C002BBD97 /* RecipeEndpoint.swift */,
				D8B2E23628C64F2B002BBD97 /* RecipeResponse.swift */,
			);
			path = Model;
			sourceTree = "<group>";
		};
		D8B40F2628E5C5A000A023C8 /* Cells */ = {
			isa = PBXGroup;
			children = (
				D8B40F2728E5C5B700A023C8 /* ItemTableViewCell.swift */,
			);
			path = Cells;
			sourceTree = "<group>";
		};
		D8B5534728A16C8E00AC1193 /* Search */ = {
			isa = PBXGroup;
			children = (
				D8B5534828A16CC200AC1193 /* SearchViewModelTests.swift */,
				D8AB7E9928FDB18400D2291E /* MockData.swift */,
				D847B5832913FE2000E96C38 /* EmptyRecipeResponse.json */,
				D8AB7E9728FDB15200D2291E /* RecipeResponse.json */,
			);
			path = Search;
			sourceTree = "<group>";
		};
		D8BB4FBB28854CE6003C5D60 = {
			isa = PBXGroup;
			children = (
				D8BB4FC628854CE7003C5D60 /* Reciplease */,
				D8BB4FE028854CF0003C5D60 /* RecipleaseTests */,
				D8BB4FC528854CE7003C5D60 /* Products */,
			);
			sourceTree = "<group>";
		};
		D8BB4FC528854CE7003C5D60 /* Products */ = {
			isa = PBXGroup;
			children = (
				D8BB4FC428854CE7003C5D60 /* Reciplease.app */,
				D8BB4FDD28854CF0003C5D60 /* RecipleaseTests.xctest */,
			);
			name = Products;
			sourceTree = "<group>";
		};
		D8BB4FC628854CE7003C5D60 /* Reciplease */ = {
			isa = PBXGroup;
			children = (
				D8F537272897C2B100CFFBC1 /* Sources */,
				D8BB4FD328854CEF003C5D60 /* Assets.xcassets */,
				D8BB4FD528854CEF003C5D60 /* LaunchScreen.storyboard */,
				D8BB4FD828854CEF003C5D60 /* Info.plist */,
			);
			path = Reciplease;
			sourceTree = "<group>";
		};
		D8BB4FE028854CF0003C5D60 /* RecipleaseTests */ = {
			isa = PBXGroup;
			children = (
				D847B57F29127B7D00E96C38 /* Result */,
				D8B5534728A16C8E00AC1193 /* Search */,
			);
			path = RecipleaseTests;
			sourceTree = "<group>";
		};
		D8C197D628F47849001B0F42 /* style */ = {
			isa = PBXGroup;
			children = (
				D8C197D728F47862001B0F42 /* LinearGradientLayer.swift */,
				D8C197D928F47874001B0F42 /* GradientView.swift */,
			);
			path = style;
			sourceTree = "<group>";
		};
		D8E9FDC529112D9100D48524 /* CoreData */ = {
			isa = PBXGroup;
			children = (
				D8E9FDC629112DAC00D48524 /* CoreDataStack.swift */,
				D847B57D29127A1000E96C38 /* RecipeEntity.swift */,
				D8BB4FD028854CE7003C5D60 /* Reciplease.xcdatamodeld */,
			);
			path = CoreData;
			sourceTree = "<group>";
		};
		D8F537272897C2B100CFFBC1 /* Sources */ = {
			isa = PBXGroup;
			children = (
				D8BB4FCD28854CE7003C5D60 /* Main.storyboard */,
				D8BB4FC728854CE7003C5D60 /* AppDelegate.swift */,
				D8B2E22E28C10FE6002BBD97 /* Context.swift */,
				D85EB4AF28D8679100EFD4A6 /* AlerteContent.swift */,
				D804225328D87337006BD835 /* UIViewManager.swift */,
				D8F537292897C42600CFFBC1 /* AppCoordinator.swift */,
				D847B5822913F99700E96C38 /* App */,
				D8B2E22428C10B46002BBD97 /* Network */,
				D8E9FDC529112D9100D48524 /* CoreData */,
			);
			path = Sources;
			sourceTree = "<group>";
		};
		D8F537282897C2C500CFFBC1 /* Navigation */ = {
			isa = PBXGroup;
			children = (
				D8F5372B2897C96200CFFBC1 /* Screens.swift */,
				D8F5372D2897E76B00CFFBC1 /* HomeCoordinator.swift */,
			);
			path = Navigation;
			sourceTree = "<group>";
		};
		D8F5372F2897F14500CFFBC1 /* Search Flow */ = {
			isa = PBXGroup;
			children = (
				D89CA4C328EB3D1900032860 /* Common */,
				D8029A5828EB10780043BAAE /* Details */,
				D818DAAA28982E8E0041DD88 /* Search */,
				D818DAAB28982EA10041DD88 /* Result */,
				D8F537382897F37800CFFBC1 /* SearchCoordinator.swift */,
			);
			path = "Search Flow";
			sourceTree = "<group>";
		};
/* End PBXGroup section */

/* Begin PBXNativeTarget section */
		D8BB4FC328854CE6003C5D60 /* Reciplease */ = {
			isa = PBXNativeTarget;
			buildConfigurationList = D8BB4FF128854CF0003C5D60 /* Build configuration list for PBXNativeTarget "Reciplease" */;
			buildPhases = (
				D8BB4FC028854CE6003C5D60 /* Sources */,
				D8BB4FC128854CE6003C5D60 /* Frameworks */,
				D8BB4FC228854CE6003C5D60 /* Resources */,
			);
			buildRules = (
			);
			dependencies = (
			);
			name = Reciplease;
			packageProductDependencies = (
				D8C197D428F475C4001B0F42 /* AlamofireImage */,
			);
			productName = Reciplease;
			productReference = D8BB4FC428854CE7003C5D60 /* Reciplease.app */;
			productType = "com.apple.product-type.application";
		};
		D8BB4FDC28854CF0003C5D60 /* RecipleaseTests */ = {
			isa = PBXNativeTarget;
			buildConfigurationList = D8BB4FF428854CF0003C5D60 /* Build configuration list for PBXNativeTarget "RecipleaseTests" */;
			buildPhases = (
				D8BB4FD928854CF0003C5D60 /* Sources */,
				D8BB4FDA28854CF0003C5D60 /* Frameworks */,
				D8BB4FDB28854CF0003C5D60 /* Resources */,
			);
			buildRules = (
			);
			dependencies = (
				D8BB4FDF28854CF0003C5D60 /* PBXTargetDependency */,
			);
			name = RecipleaseTests;
			productName = RecipleaseTests;
			productReference = D8BB4FDD28854CF0003C5D60 /* RecipleaseTests.xctest */;
			productType = "com.apple.product-type.bundle.unit-test";
		};
/* End PBXNativeTarget section */

/* Begin PBXProject section */
		D8BB4FBC28854CE6003C5D60 /* Project object */ = {
			isa = PBXProject;
			attributes = {
				BuildIndependentTargetsInParallel = 1;
				LastSwiftUpdateCheck = 1340;
				LastUpgradeCheck = 1340;
				TargetAttributes = {
					D8BB4FC328854CE6003C5D60 = {
						CreatedOnToolsVersion = 13.4.1;
					};
					D8BB4FDC28854CF0003C5D60 = {
						CreatedOnToolsVersion = 13.4.1;
						LastSwiftMigration = 1340;
						TestTargetID = D8BB4FC328854CE6003C5D60;
					};
				};
			};
			buildConfigurationList = D8BB4FBF28854CE6003C5D60 /* Build configuration list for PBXProject "Reciplease" */;
			compatibilityVersion = "Xcode 13.0";
			developmentRegion = en;
			hasScannedForEncodings = 0;
			knownRegions = (
				en,
				Base,
			);
			mainGroup = D8BB4FBB28854CE6003C5D60;
			packageReferences = (
				D8C197D328F475C4001B0F42 /* XCRemoteSwiftPackageReference "AlamofireImage" */,
			);
			productRefGroup = D8BB4FC528854CE7003C5D60 /* Products */;
			projectDirPath = "";
			projectRoot = "";
			targets = (
				D8BB4FC328854CE6003C5D60 /* Reciplease */,
				D8BB4FDC28854CF0003C5D60 /* RecipleaseTests */,
			);
		};
/* End PBXProject section */

/* Begin PBXResourcesBuildPhase section */
		D8BB4FC228854CE6003C5D60 /* Resources */ = {
			isa = PBXResourcesBuildPhase;
			buildActionMask = 2147483647;
			files = (
				D8BB4FD728854CEF003C5D60 /* LaunchScreen.storyboard in Resources */,
				D8BB4FD428854CEF003C5D60 /* Assets.xcassets in Resources */,
				D8BB4FCF28854CE7003C5D60 /* Main.storyboard in Resources */,
			);
			runOnlyForDeploymentPostprocessing = 0;
		};
		D8BB4FDB28854CF0003C5D60 /* Resources */ = {
			isa = PBXResourcesBuildPhase;
			buildActionMask = 2147483647;
			files = (
				D847B5842913FE2000E96C38 /* EmptyRecipeResponse.json in Resources */,
				D8AB7E9828FDB15200D2291E /* RecipeResponse.json in Resources */,
			);
			runOnlyForDeploymentPostprocessing = 0;
		};
/* End PBXResourcesBuildPhase section */

/* Begin PBXSourcesBuildPhase section */
		D8BB4FC028854CE6003C5D60 /* Sources */ = {
			isa = PBXSourcesBuildPhase;
			buildActionMask = 2147483647;
			files = (
				D8B2E22628C10C38002BBD97 /* RequestCancellationToken.swift in Sources */,
				D8F537312897F19100CFFBC1 /* SearchViewController.swift in Sources */,
				D8B2E22A28C10E24002BBD97 /* JSONParser.swift in Sources */,
				D8B2E23328C22B2D002BBD97 /* RequestBuilder.swift in Sources */,
				D8B2E22828C10C9C002BBD97 /* HTTPClient.swift in Sources */,
				D8F537332897F1A100CFFBC1 /* SearchViewModel.swift in Sources */,
				D8B40F2828E5C5B700A023C8 /* ItemTableViewCell.swift in Sources */,
				D8F5372A2897C42600CFFBC1 /* AppCoordinator.swift in Sources */,
				D8BB4FD228854CE7003C5D60 /* Reciplease.xcdatamodeld in Sources */,
				D8AB7E9C28FDB54A00D2291E /* DetailsRepository.swift in Sources */,
				D8B2E23528C6296C002BBD97 /* RecipeEndpoint.swift in Sources */,
				D8F5372E2897E76B00CFFBC1 /* HomeCoordinator.swift in Sources */,
				D8029A5A28EB10E80043BAAE /* DetailsViewController.swift in Sources */,
				D8029A5C28EB11300043BAAE /* DetailsViewModel.swift in Sources */,
				D83FD9E728E1F5510041D5EA /* RecipeViewModel.swift in Sources */,
				D8E9FDC729112DAC00D48524 /* CoreDataStack.swift in Sources */,
				D8F537392897F37800CFFBC1 /* SearchCoordinator.swift in Sources */,
				D8BB4FC828854CE7003C5D60 /* AppDelegate.swift in Sources */,
				D8F5372C2897C96200CFFBC1 /* Screens.swift in Sources */,
				D847B57E29127A1100E96C38 /* RecipeEntity.swift in Sources */,
				D8B2E23728C64F2B002BBD97 /* RecipeResponse.swift in Sources */,
				D8C197DA28F47875001B0F42 /* GradientView.swift in Sources */,
				D804225428D87337006BD835 /* UIViewManager.swift in Sources */,
				D8F537352897F1BA00CFFBC1 /* SearchRepository.swift in Sources */,
				D8B2E22F28C10FE6002BBD97 /* Context.swift in Sources */,
				D818DAAD2898318F0041DD88 /* RecipeViewController.swift in Sources */,
				D8C197D828F47862001B0F42 /* LinearGradientLayer.swift in Sources */,
				D8B2E23128C22A88002BBD97 /* Endpoint.swift in Sources */,
				D89CA4C528EB3D2400032860 /* Recipe.swift in Sources */,
				D85EB4B028D8679100EFD4A6 /* AlerteContent.swift in Sources */,
				D8B40F2528E47F7D00A023C8 /* RecipeViewDataSource.swift in Sources */,
			);
			runOnlyForDeploymentPostprocessing = 0;
		};
		D8BB4FD928854CF0003C5D60 /* Sources */ = {
			isa = PBXSourcesBuildPhase;
			buildActionMask = 2147483647;
			files = (
				D8029A5728EAE2FE0043BAAE /* RecipeViewModelTests.swift in Sources */,
				D8AB7E9A28FDB18400D2291E /* MockData.swift in Sources */,
				D8B5534928A16CC200AC1193 /* SearchViewModelTests.swift in Sources */,
			);
			runOnlyForDeploymentPostprocessing = 0;
		};
/* End PBXSourcesBuildPhase section */

/* Begin PBXTargetDependency section */
		D8BB4FDF28854CF0003C5D60 /* PBXTargetDependency */ = {
			isa = PBXTargetDependency;
			target = D8BB4FC328854CE6003C5D60 /* Reciplease */;
			targetProxy = D8BB4FDE28854CF0003C5D60 /* PBXContainerItemProxy */;
		};
/* End PBXTargetDependency section */

/* Begin PBXVariantGroup section */
		D8BB4FCD28854CE7003C5D60 /* Main.storyboard */ = {
			isa = PBXVariantGroup;
			children = (
				D8BB4FCE28854CE7003C5D60 /* Base */,
			);
			name = Main.storyboard;
			sourceTree = "<group>";
		};
		D8BB4FD528854CEF003C5D60 /* LaunchScreen.storyboard */ = {
			isa = PBXVariantGroup;
			children = (
				D8BB4FD628854CEF003C5D60 /* Base */,
			);
			name = LaunchScreen.storyboard;
			sourceTree = "<group>";
		};
/* End PBXVariantGroup section */

/* Begin XCBuildConfiguration section */
		D8BB4FEF28854CF0003C5D60 /* Debug */ = {
			isa = XCBuildConfiguration;
			buildSettings = {
				ALWAYS_SEARCH_USER_PATHS = NO;
				CLANG_ANALYZER_NONNULL = YES;
				CLANG_ANALYZER_NUMBER_OBJECT_CONVERSION = YES_AGGRESSIVE;
				CLANG_CXX_LANGUAGE_STANDARD = "gnu++17";
				CLANG_ENABLE_MODULES = YES;
				CLANG_ENABLE_OBJC_ARC = YES;
				CLANG_ENABLE_OBJC_WEAK = YES;
				CLANG_WARN_BLOCK_CAPTURE_AUTORELEASING = YES;
				CLANG_WARN_BOOL_CONVERSION = YES;
				CLANG_WARN_COMMA = YES;
				CLANG_WARN_CONSTANT_CONVERSION = YES;
				CLANG_WARN_DEPRECATED_OBJC_IMPLEMENTATIONS = YES;
				CLANG_WARN_DIRECT_OBJC_ISA_USAGE = YES_ERROR;
				CLANG_WARN_DOCUMENTATION_COMMENTS = YES;
				CLANG_WARN_EMPTY_BODY = YES;
				CLANG_WARN_ENUM_CONVERSION = YES;
				CLANG_WARN_INFINITE_RECURSION = YES;
				CLANG_WARN_INT_CONVERSION = YES;
				CLANG_WARN_NON_LITERAL_NULL_CONVERSION = YES;
				CLANG_WARN_OBJC_IMPLICIT_RETAIN_SELF = YES;
				CLANG_WARN_OBJC_LITERAL_CONVERSION = YES;
				CLANG_WARN_OBJC_ROOT_CLASS = YES_ERROR;
				CLANG_WARN_QUOTED_INCLUDE_IN_FRAMEWORK_HEADER = YES;
				CLANG_WARN_RANGE_LOOP_ANALYSIS = YES;
				CLANG_WARN_STRICT_PROTOTYPES = YES;
				CLANG_WARN_SUSPICIOUS_MOVE = YES;
				CLANG_WARN_UNGUARDED_AVAILABILITY = YES_AGGRESSIVE;
				CLANG_WARN_UNREACHABLE_CODE = YES;
				CLANG_WARN__DUPLICATE_METHOD_MATCH = YES;
				COPY_PHASE_STRIP = NO;
				DEBUG_INFORMATION_FORMAT = dwarf;
				ENABLE_STRICT_OBJC_MSGSEND = YES;
				ENABLE_TESTABILITY = YES;
				GCC_C_LANGUAGE_STANDARD = gnu11;
				GCC_DYNAMIC_NO_PIC = NO;
				GCC_NO_COMMON_BLOCKS = YES;
				GCC_OPTIMIZATION_LEVEL = 0;
				GCC_PREPROCESSOR_DEFINITIONS = (
					"DEBUG=1",
					"$(inherited)",
				);
				GCC_WARN_64_TO_32_BIT_CONVERSION = YES;
				GCC_WARN_ABOUT_RETURN_TYPE = YES_ERROR;
				GCC_WARN_UNDECLARED_SELECTOR = YES;
				GCC_WARN_UNINITIALIZED_AUTOS = YES_AGGRESSIVE;
				GCC_WARN_UNUSED_FUNCTION = YES;
				GCC_WARN_UNUSED_VARIABLE = YES;
				IPHONEOS_DEPLOYMENT_TARGET = 15.5;
				MTL_ENABLE_DEBUG_INFO = INCLUDE_SOURCE;
				MTL_FAST_MATH = YES;
				ONLY_ACTIVE_ARCH = YES;
				SDKROOT = iphoneos;
				SWIFT_ACTIVE_COMPILATION_CONDITIONS = DEBUG;
				SWIFT_OPTIMIZATION_LEVEL = "-Onone";
			};
			name = Debug;
		};
		D8BB4FF028854CF0003C5D60 /* Release */ = {
			isa = XCBuildConfiguration;
			buildSettings = {
				ALWAYS_SEARCH_USER_PATHS = NO;
				CLANG_ANALYZER_NONNULL = YES;
				CLANG_ANALYZER_NUMBER_OBJECT_CONVERSION = YES_AGGRESSIVE;
				CLANG_CXX_LANGUAGE_STANDARD = "gnu++17";
				CLANG_ENABLE_MODULES = YES;
				CLANG_ENABLE_OBJC_ARC = YES;
				CLANG_ENABLE_OBJC_WEAK = YES;
				CLANG_WARN_BLOCK_CAPTURE_AUTORELEASING = YES;
				CLANG_WARN_BOOL_CONVERSION = YES;
				CLANG_WARN_COMMA = YES;
				CLANG_WARN_CONSTANT_CONVERSION = YES;
				CLANG_WARN_DEPRECATED_OBJC_IMPLEMENTATIONS = YES;
				CLANG_WARN_DIRECT_OBJC_ISA_USAGE = YES_ERROR;
				CLANG_WARN_DOCUMENTATION_COMMENTS = YES;
				CLANG_WARN_EMPTY_BODY = YES;
				CLANG_WARN_ENUM_CONVERSION = YES;
				CLANG_WARN_INFINITE_RECURSION = YES;
				CLANG_WARN_INT_CONVERSION = YES;
				CLANG_WARN_NON_LITERAL_NULL_CONVERSION = YES;
				CLANG_WARN_OBJC_IMPLICIT_RETAIN_SELF = YES;
				CLANG_WARN_OBJC_LITERAL_CONVERSION = YES;
				CLANG_WARN_OBJC_ROOT_CLASS = YES_ERROR;
				CLANG_WARN_QUOTED_INCLUDE_IN_FRAMEWORK_HEADER = YES;
				CLANG_WARN_RANGE_LOOP_ANALYSIS = YES;
				CLANG_WARN_STRICT_PROTOTYPES = YES;
				CLANG_WARN_SUSPICIOUS_MOVE = YES;
				CLANG_WARN_UNGUARDED_AVAILABILITY = YES_AGGRESSIVE;
				CLANG_WARN_UNREACHABLE_CODE = YES;
				CLANG_WARN__DUPLICATE_METHOD_MATCH = YES;
				COPY_PHASE_STRIP = NO;
				DEBUG_INFORMATION_FORMAT = "dwarf-with-dsym";
				ENABLE_NS_ASSERTIONS = NO;
				ENABLE_STRICT_OBJC_MSGSEND = YES;
				GCC_C_LANGUAGE_STANDARD = gnu11;
				GCC_NO_COMMON_BLOCKS = YES;
				GCC_WARN_64_TO_32_BIT_CONVERSION = YES;
				GCC_WARN_ABOUT_RETURN_TYPE = YES_ERROR;
				GCC_WARN_UNDECLARED_SELECTOR = YES;
				GCC_WARN_UNINITIALIZED_AUTOS = YES_AGGRESSIVE;
				GCC_WARN_UNUSED_FUNCTION = YES;
				GCC_WARN_UNUSED_VARIABLE = YES;
				IPHONEOS_DEPLOYMENT_TARGET = 15.5;
				MTL_ENABLE_DEBUG_INFO = NO;
				MTL_FAST_MATH = YES;
				SDKROOT = iphoneos;
				SWIFT_COMPILATION_MODE = wholemodule;
				SWIFT_OPTIMIZATION_LEVEL = "-O";
				VALIDATE_PRODUCT = YES;
			};
			name = Release;
		};
		D8BB4FF228854CF0003C5D60 /* Debug */ = {
			isa = XCBuildConfiguration;
			buildSettings = {
				ASSETCATALOG_COMPILER_APPICON_NAME = AppIcon;
				ASSETCATALOG_COMPILER_GLOBAL_ACCENT_COLOR_NAME = AccentColor;
				CODE_SIGN_STYLE = Automatic;
				CURRENT_PROJECT_VERSION = 1;
				DEVELOPMENT_TEAM = XDZ2F43RRZ;
				GENERATE_INFOPLIST_FILE = YES;
				INFOPLIST_FILE = Reciplease/Info.plist;
				INFOPLIST_KEY_UIApplicationSupportsIndirectInputEvents = YES;
				INFOPLIST_KEY_UILaunchStoryboardName = LaunchScreen;
				INFOPLIST_KEY_UISupportedInterfaceOrientations = UIInterfaceOrientationPortrait;
				INFOPLIST_KEY_UISupportedInterfaceOrientations_iPad = "UIInterfaceOrientationPortrait UIInterfaceOrientationPortraitUpsideDown UIInterfaceOrientationLandscapeLeft UIInterfaceOrientationLandscapeRight";
				INFOPLIST_KEY_UISupportedInterfaceOrientations_iPhone = "UIInterfaceOrientationPortrait UIInterfaceOrientationLandscapeLeft UIInterfaceOrientationLandscapeRight";
				IPHONEOS_DEPLOYMENT_TARGET = 15.5;
				LD_RUNPATH_SEARCH_PATHS = (
					"$(inherited)",
					"@executable_path/Frameworks",
				);
				MARKETING_VERSION = 1.0;
				PRODUCT_BUNDLE_IDENTIFIER = fr.valentinperello.Reciplease;
				PRODUCT_NAME = "$(TARGET_NAME)";
				SWIFT_EMIT_LOC_STRINGS = YES;
				SWIFT_VERSION = 5.0;
				TARGETED_DEVICE_FAMILY = 1;
			};
			name = Debug;
		};
		D8BB4FF328854CF0003C5D60 /* Release */ = {
			isa = XCBuildConfiguration;
			buildSettings = {
				ASSETCATALOG_COMPILER_APPICON_NAME = AppIcon;
				ASSETCATALOG_COMPILER_GLOBAL_ACCENT_COLOR_NAME = AccentColor;
				CODE_SIGN_STYLE = Automatic;
				CURRENT_PROJECT_VERSION = 1;
				DEVELOPMENT_TEAM = XDZ2F43RRZ;
				GENERATE_INFOPLIST_FILE = YES;
				INFOPLIST_FILE = Reciplease/Info.plist;
				INFOPLIST_KEY_UIApplicationSupportsIndirectInputEvents = YES;
				INFOPLIST_KEY_UILaunchStoryboardName = LaunchScreen;
				INFOPLIST_KEY_UISupportedInterfaceOrientations = UIInterfaceOrientationPortrait;
				INFOPLIST_KEY_UISupportedInterfaceOrientations_iPad = "UIInterfaceOrientationPortrait UIInterfaceOrientationPortraitUpsideDown UIInterfaceOrientationLandscapeLeft UIInterfaceOrientationLandscapeRight";
				INFOPLIST_KEY_UISupportedInterfaceOrientations_iPhone = "UIInterfaceOrientationPortrait UIInterfaceOrientationLandscapeLeft UIInterfaceOrientationLandscapeRight";
				IPHONEOS_DEPLOYMENT_TARGET = 15.5;
				LD_RUNPATH_SEARCH_PATHS = (
					"$(inherited)",
					"@executable_path/Frameworks",
				);
				MARKETING_VERSION = 1.0;
				PRODUCT_BUNDLE_IDENTIFIER = fr.valentinperello.Reciplease;
				PRODUCT_NAME = "$(TARGET_NAME)";
				SWIFT_EMIT_LOC_STRINGS = YES;
				SWIFT_VERSION = 5.0;
				TARGETED_DEVICE_FAMILY = 1;
			};
			name = Release;
		};
		D8BB4FF528854CF0003C5D60 /* Debug */ = {
			isa = XCBuildConfiguration;
			buildSettings = {
				ALWAYS_EMBED_SWIFT_STANDARD_LIBRARIES = YES;
				BUNDLE_LOADER = "$(TEST_HOST)";
				CLANG_ENABLE_MODULES = YES;
				CODE_SIGN_STYLE = Automatic;
				CURRENT_PROJECT_VERSION = 1;
				DEVELOPMENT_TEAM = XDZ2F43RRZ;
				GENERATE_INFOPLIST_FILE = YES;
				IPHONEOS_DEPLOYMENT_TARGET = 15.5;
				LD_RUNPATH_SEARCH_PATHS = (
					"$(inherited)",
					"@executable_path/Frameworks",
					"@loader_path/Frameworks",
				);
				MARKETING_VERSION = 1.0;
				PRODUCT_BUNDLE_IDENTIFIER = fr.valentinperello.RecipleaseTests;
				PRODUCT_NAME = "$(TARGET_NAME)";
				SWIFT_EMIT_LOC_STRINGS = NO;
				SWIFT_OPTIMIZATION_LEVEL = "-Onone";
				SWIFT_VERSION = 5.0;
				TARGETED_DEVICE_FAMILY = "1,2";
				TEST_HOST = "$(BUILT_PRODUCTS_DIR)/Reciplease.app/Reciplease";
			};
			name = Debug;
		};
		D8BB4FF628854CF0003C5D60 /* Release */ = {
			isa = XCBuildConfiguration;
			buildSettings = {
				ALWAYS_EMBED_SWIFT_STANDARD_LIBRARIES = YES;
				BUNDLE_LOADER = "$(TEST_HOST)";
				CLANG_ENABLE_MODULES = YES;
				CODE_SIGN_STYLE = Automatic;
				CURRENT_PROJECT_VERSION = 1;
				DEVELOPMENT_TEAM = XDZ2F43RRZ;
				GENERATE_INFOPLIST_FILE = YES;
				IPHONEOS_DEPLOYMENT_TARGET = 15.5;
				LD_RUNPATH_SEARCH_PATHS = (
					"$(inherited)",
					"@executable_path/Frameworks",
					"@loader_path/Frameworks",
				);
				MARKETING_VERSION = 1.0;
				PRODUCT_BUNDLE_IDENTIFIER = fr.valentinperello.RecipleaseTests;
				PRODUCT_NAME = "$(TARGET_NAME)";
				SWIFT_EMIT_LOC_STRINGS = NO;
				SWIFT_VERSION = 5.0;
				TARGETED_DEVICE_FAMILY = "1,2";
				TEST_HOST = "$(BUILT_PRODUCTS_DIR)/Reciplease.app/Reciplease";
			};
			name = Release;
		};
/* End XCBuildConfiguration section */

/* Begin XCConfigurationList section */
		D8BB4FBF28854CE6003C5D60 /* Build configuration list for PBXProject "Reciplease" */ = {
			isa = XCConfigurationList;
			buildConfigurations = (
				D8BB4FEF28854CF0003C5D60 /* Debug */,
				D8BB4FF028854CF0003C5D60 /* Release */,
			);
			defaultConfigurationIsVisible = 0;
			defaultConfigurationName = Release;
		};
		D8BB4FF128854CF0003C5D60 /* Build configuration list for PBXNativeTarget "Reciplease" */ = {
			isa = XCConfigurationList;
			buildConfigurations = (
				D8BB4FF228854CF0003C5D60 /* Debug */,
				D8BB4FF328854CF0003C5D60 /* Release */,
			);
			defaultConfigurationIsVisible = 0;
			defaultConfigurationName = Release;
		};
		D8BB4FF428854CF0003C5D60 /* Build configuration list for PBXNativeTarget "RecipleaseTests" */ = {
			isa = XCConfigurationList;
			buildConfigurations = (
				D8BB4FF528854CF0003C5D60 /* Debug */,
				D8BB4FF628854CF0003C5D60 /* Release */,
			);
			defaultConfigurationIsVisible = 0;
			defaultConfigurationName = Release;
		};
/* End XCConfigurationList section */

/* Begin XCRemoteSwiftPackageReference section */
		D8C197D328F475C4001B0F42 /* XCRemoteSwiftPackageReference "AlamofireImage" */ = {
			isa = XCRemoteSwiftPackageReference;
			repositoryURL = "https://github.com/Alamofire/AlamofireImage";
			requirement = {
				kind = upToNextMajorVersion;
				minimumVersion = 4.0.0;
			};
		};
/* End XCRemoteSwiftPackageReference section */

/* Begin XCSwiftPackageProductDependency section */
		D8C197D428F475C4001B0F42 /* AlamofireImage */ = {
			isa = XCSwiftPackageProductDependency;
			package = D8C197D328F475C4001B0F42 /* XCRemoteSwiftPackageReference "AlamofireImage" */;
			productName = AlamofireImage;
		};
/* End XCSwiftPackageProductDependency section */

/* Begin XCVersionGroup section */
		D8BB4FD028854CE7003C5D60 /* Reciplease.xcdatamodeld */ = {
			isa = XCVersionGroup;
			children = (
				D8BB4FD128854CE7003C5D60 /* Reciplease.xcdatamodel */,
			);
			currentVersion = D8BB4FD128854CE7003C5D60 /* Reciplease.xcdatamodel */;
			path = Reciplease.xcdatamodeld;
			sourceTree = "<group>";
			versionGroupType = wrapper.xcdatamodel;
		};
/* End XCVersionGroup section */
	};
	rootObject = D8BB4FBC28854CE6003C5D60 /* Project object */;
}
